// !$*UTF8*$!
{
	archiveVersion = 1;
	classes = {
	};
	objectVersion = 52;
	objects = {

/* Begin PBXBuildFile section */
		A4C64B2E260EA332009E9882 /* MacMDApp.swift in Sources */ = {isa = PBXBuildFile; fileRef = A4C64B2D260EA332009E9882 /* MacMDApp.swift */; };
		A4C64B30260EA332009E9882 /* ContentView.swift in Sources */ = {isa = PBXBuildFile; fileRef = A4C64B2F260EA332009E9882 /* ContentView.swift */; };
		A4C64B32260EA333009E9882 /* Assets.xcassets in Resources */ = {isa = PBXBuildFile; fileRef = A4C64B31260EA333009E9882 /* Assets.xcassets */; };
		A4C64B35260EA333009E9882 /* Preview Assets.xcassets in Resources */ = {isa = PBXBuildFile; fileRef = A4C64B34260EA333009E9882 /* Preview Assets.xcassets */; };
		A4C64B41260EA333009E9882 /* MacMDTests.swift in Sources */ = {isa = PBXBuildFile; fileRef = A4C64B40260EA333009E9882 /* MacMDTests.swift */; };
		A4C64B4C260EA333009E9882 /* MacMDUITests.swift in Sources */ = {isa = PBXBuildFile; fileRef = A4C64B4B260EA333009E9882 /* MacMDUITests.swift */; };
		A4C64B5E260EA4D0009E9882 /* Ink in Frameworks */ = {isa = PBXBuildFile; productRef = A4C64B5D260EA4D0009E9882 /* Ink */; };
/* End PBXBuildFile section */

/* Begin PBXContainerItemProxy section */
		A4C64B3D260EA333009E9882 /* PBXContainerItemProxy */ = {
			isa = PBXContainerItemProxy;
			containerPortal = A4C64B22260EA332009E9882 /* Project object */;
			proxyType = 1;
			remoteGlobalIDString = A4C64B29260EA332009E9882;
			remoteInfo = MacMD;
		};
		A4C64B48260EA333009E9882 /* PBXContainerItemProxy */ = {
			isa = PBXContainerItemProxy;
			containerPortal = A4C64B22260EA332009E9882 /* Project object */;
			proxyType = 1;
			remoteGlobalIDString = A4C64B29260EA332009E9882;
			remoteInfo = MacMD;
		};
/* End PBXContainerItemProxy section */

/* Begin PBXFileReference section */
		A4C64B2A260EA332009E9882 /* MacMD.app */ = {isa = PBXFileReference; explicitFileType = wrapper.application; includeInIndex = 0; path = MacMD.app; sourceTree = BUILT_PRODUCTS_DIR; };
		A4C64B2D260EA332009E9882 /* MacMDApp.swift */ = {isa = PBXFileReference; lastKnownFileType = sourcecode.swift; path = MacMDApp.swift; sourceTree = "<group>"; };
		A4C64B2F260EA332009E9882 /* ContentView.swift */ = {isa = PBXFileReference; lastKnownFileType = sourcecode.swift; path = ContentView.swift; sourceTree = "<group>"; };
		A4C64B31260EA333009E9882 /* Assets.xcassets */ = {isa = PBXFileReference; lastKnownFileType = folder.assetcatalog; path = Assets.xcassets; sourceTree = "<group>"; };
		A4C64B34260EA333009E9882 /* Preview Assets.xcassets */ = {isa = PBXFileReference; lastKnownFileType = folder.assetcatalog; path = "Preview Assets.xcassets"; sourceTree = "<group>"; };
		A4C64B36260EA333009E9882 /* Info.plist */ = {isa = PBXFileReference; lastKnownFileType = text.plist.xml; path = Info.plist; sourceTree = "<group>"; };
		A4C64B37260EA333009E9882 /* MacMD.entitlements */ = {isa = PBXFileReference; lastKnownFileType = text.plist.entitlements; path = MacMD.entitlements; sourceTree = "<group>"; };
		A4C64B3C260EA333009E9882 /* MacMDTests.xctest */ = {isa = PBXFileReference; explicitFileType = wrapper.cfbundle; includeInIndex = 0; path = MacMDTests.xctest; sourceTree = BUILT_PRODUCTS_DIR; };
		A4C64B40260EA333009E9882 /* MacMDTests.swift */ = {isa = PBXFileReference; lastKnownFileType = sourcecode.swift; path = MacMDTests.swift; sourceTree = "<group>"; };
		A4C64B42260EA333009E9882 /* Info.plist */ = {isa = PBXFileReference; lastKnownFileType = text.plist.xml; path = Info.plist; sourceTree = "<group>"; };
		A4C64B47260EA333009E9882 /* MacMDUITests.xctest */ = {isa = PBXFileReference; explicitFileType = wrapper.cfbundle; includeInIndex = 0; path = MacMDUITests.xctest; sourceTree = BUILT_PRODUCTS_DIR; };
		A4C64B4B260EA333009E9882 /* MacMDUITests.swift */ = {isa = PBXFileReference; lastKnownFileType = sourcecode.swift; path = MacMDUITests.swift; sourceTree = "<group>"; };
		A4C64B4D260EA333009E9882 /* Info.plist */ = {isa = PBXFileReference; lastKnownFileType = text.plist.xml; path = Info.plist; sourceTree = "<group>"; };
/* End PBXFileReference section */

/* Begin PBXFrameworksBuildPhase section */
		A4C64B27260EA332009E9882 /* Frameworks */ = {
			isa = PBXFrameworksBuildPhase;
			buildActionMask = 2147483647;
			files = (
				A4C64B5E260EA4D0009E9882 /* Ink in Frameworks */,
			);
			runOnlyForDeploymentPostprocessing = 0;
		};
		A4C64B39260EA333009E9882 /* Frameworks */ = {
			isa = PBXFrameworksBuildPhase;
			buildActionMask = 2147483647;
			files = (
			);
			runOnlyForDeploymentPostprocessing = 0;
		};
		A4C64B44260EA333009E9882 /* Frameworks */ = {
			isa = PBXFrameworksBuildPhase;
			buildActionMask = 2147483647;
			files = (
			);
			runOnlyForDeploymentPostprocessing = 0;
		};
/* End PBXFrameworksBuildPhase section */

/* Begin PBXGroup section */
		A4C64B21260EA332009E9882 = {
			isa = PBXGroup;
			children = (
				A4C64B2C260EA332009E9882 /* MacMD */,
				A4C64B3F260EA333009E9882 /* MacMDTests */,
				A4C64B4A260EA333009E9882 /* MacMDUITests */,
				A4C64B2B260EA332009E9882 /* Products */,
			);
			sourceTree = "<group>";
		};
		A4C64B2B260EA332009E9882 /* Products */ = {
			isa = PBXGroup;
			children = (
				A4C64B2A260EA332009E9882 /* MacMD.app */,
				A4C64B3C260EA333009E9882 /* MacMDTests.xctest */,
				A4C64B47260EA333009E9882 /* MacMDUITests.xctest */,
			);
			name = Products;
			sourceTree = "<group>";
		};
		A4C64B2C260EA332009E9882 /* MacMD */ = {
			isa = PBXGroup;
			children = (
				A4C64B2D260EA332009E9882 /* MacMDApp.swift */,
				A4C64B2F260EA332009E9882 /* ContentView.swift */,
				A4C64B31260EA333009E9882 /* Assets.xcassets */,
				A4C64B36260EA333009E9882 /* Info.plist */,
				A4C64B37260EA333009E9882 /* MacMD.entitlements */,
				A4C64B33260EA333009E9882 /* Preview Content */,
			);
			path = MacMD;
			sourceTree = "<group>";
		};
		A4C64B33260EA333009E9882 /* Preview Content */ = {
			isa = PBXGroup;
			children = (
				A4C64B34260EA333009E9882 /* Preview Assets.xcassets */,
			);
			path = "Preview Content";
			sourceTree = "<group>";
		};
		A4C64B3F260EA333009E9882 /* MacMDTests */ = {
			isa = PBXGroup;
			children = (
				A4C64B40260EA333009E9882 /* MacMDTests.swift */,
				A4C64B42260EA333009E9882 /* Info.plist */,
			);
			path = MacMDTests;
			sourceTree = "<group>";
		};
		A4C64B4A260EA333009E9882 /* MacMDUITests */ = {
			isa = PBXGroup;
			children = (
				A4C64B4B260EA333009E9882 /* MacMDUITests.swift */,
				A4C64B4D260EA333009E9882 /* Info.plist */,
			);
			path = MacMDUITests;
			sourceTree = "<group>";
		};
/* End PBXGroup section */

/* Begin PBXNativeTarget section */
		A4C64B29260EA332009E9882 /* MacMD */ = {
			isa = PBXNativeTarget;
			buildConfigurationList = A4C64B50260EA333009E9882 /* Build configuration list for PBXNativeTarget "MacMD" */;
			buildPhases = (
				A4C64B26260EA332009E9882 /* Sources */,
				A4C64B27260EA332009E9882 /* Frameworks */,
				A4C64B28260EA332009E9882 /* Resources */,
			);
			buildRules = (
			);
			dependencies = (
			);
			name = MacMD;
			packageProductDependencies = (
				A4C64B5D260EA4D0009E9882 /* Ink */,
			);
			productName = MacMD;
			productReference = A4C64B2A260EA332009E9882 /* MacMD.app */;
			productType = "com.apple.product-type.application";
		};
		A4C64B3B260EA333009E9882 /* MacMDTests */ = {
			isa = PBXNativeTarget;
			buildConfigurationList = A4C64B53260EA333009E9882 /* Build configuration list for PBXNativeTarget "MacMDTests" */;
			buildPhases = (
				A4C64B38260EA333009E9882 /* Sources */,
				A4C64B39260EA333009E9882 /* Frameworks */,
				A4C64B3A260EA333009E9882 /* Resources */,
			);
			buildRules = (
			);
			dependencies = (
				A4C64B3E260EA333009E9882 /* PBXTargetDependency */,
			);
			name = MacMDTests;
			productName = MacMDTests;
			productReference = A4C64B3C260EA333009E9882 /* MacMDTests.xctest */;
			productType = "com.apple.product-type.bundle.unit-test";
		};
		A4C64B46260EA333009E9882 /* MacMDUITests */ = {
			isa = PBXNativeTarget;
			buildConfigurationList = A4C64B56260EA333009E9882 /* Build configuration list for PBXNativeTarget "MacMDUITests" */;
			buildPhases = (
				A4C64B43260EA333009E9882 /* Sources */,
				A4C64B44260EA333009E9882 /* Frameworks */,
				A4C64B45260EA333009E9882 /* Resources */,
			);
			buildRules = (
			);
			dependencies = (
				A4C64B49260EA333009E9882 /* PBXTargetDependency */,
			);
			name = MacMDUITests;
			productName = MacMDUITests;
			productReference = A4C64B47260EA333009E9882 /* MacMDUITests.xctest */;
			productType = "com.apple.product-type.bundle.ui-testing";
		};
/* End PBXNativeTarget section */

/* Begin PBXProject section */
		A4C64B22260EA332009E9882 /* Project object */ = {
			isa = PBXProject;
			attributes = {
				LastSwiftUpdateCheck = 1240;
				LastUpgradeCheck = 1240;
				TargetAttributes = {
					A4C64B29260EA332009E9882 = {
						CreatedOnToolsVersion = 12.4;
					};
					A4C64B3B260EA333009E9882 = {
						CreatedOnToolsVersion = 12.4;
						TestTargetID = A4C64B29260EA332009E9882;
					};
					A4C64B46260EA333009E9882 = {
						CreatedOnToolsVersion = 12.4;
						TestTargetID = A4C64B29260EA332009E9882;
					};
				};
			};
			buildConfigurationList = A4C64B25260EA332009E9882 /* Build configuration list for PBXProject "MacMD" */;
			compatibilityVersion = "Xcode 9.3";
			developmentRegion = en;
			hasScannedForEncodings = 0;
			knownRegions = (
				en,
				Base,
			);
			mainGroup = A4C64B21260EA332009E9882;
			packageReferences = (
				A4C64B5C260EA4D0009E9882 /* XCRemoteSwiftPackageReference "Ink" */,
			);
			productRefGroup = A4C64B2B260EA332009E9882 /* Products */;
			projectDirPath = "";
			projectRoot = "";
			targets = (
				A4C64B29260EA332009E9882 /* MacMD */,
				A4C64B3B260EA333009E9882 /* MacMDTests */,
				A4C64B46260EA333009E9882 /* MacMDUITests */,
			);
		};
/* End PBXProject section */

/* Begin PBXResourcesBuildPhase section */
		A4C64B28260EA332009E9882 /* Resources */ = {
			isa = PBXResourcesBuildPhase;
			buildActionMask = 2147483647;
			files = (
				A4C64B35260EA333009E9882 /* Preview Assets.xcassets in Resources */,
				A4C64B32260EA333009E9882 /* Assets.xcassets in Resources */,
			);
			runOnlyForDeploymentPostprocessing = 0;
		};
		A4C64B3A260EA333009E9882 /* Resources */ = {
			isa = PBXResourcesBuildPhase;
			buildActionMask = 2147483647;
			files = (
			);
			runOnlyForDeploymentPostprocessing = 0;
		};
		A4C64B45260EA333009E9882 /* Resources */ = {
			isa = PBXResourcesBuildPhase;
			buildActionMask = 2147483647;
			files = (
			);
			runOnlyForDeploymentPostprocessing = 0;
		};
/* End PBXResourcesBuildPhase section */

/* Begin PBXSourcesBuildPhase section */
		A4C64B26260EA332009E9882 /* Sources */ = {
			isa = PBXSourcesBuildPhase;
			buildActionMask = 2147483647;
			files = (
				A4C64B30260EA332009E9882 /* ContentView.swift in Sources */,
				A4C64B2E260EA332009E9882 /* MacMDApp.swift in Sources */,
			);
			runOnlyForDeploymentPostprocessing = 0;
		};
		A4C64B38260EA333009E9882 /* Sources */ = {
			isa = PBXSourcesBuildPhase;
			buildActionMask = 2147483647;
			files = (
				A4C64B41260EA333009E9882 /* MacMDTests.swift in Sources */,
			);
			runOnlyForDeploymentPostprocessing = 0;
		};
		A4C64B43260EA333009E9882 /* Sources */ = {
			isa = PBXSourcesBuildPhase;
			buildActionMask = 2147483647;
			files = (
				A4C64B4C260EA333009E9882 /* MacMDUITests.swift in Sources */,
			);
			runOnlyForDeploymentPostprocessing = 0;
		};
/* End PBXSourcesBuildPhase section */

/* Begin PBXTargetDependency section */
		A4C64B3E260EA333009E9882 /* PBXTargetDependency */ = {
			isa = PBXTargetDependency;
			target = A4C64B29260EA332009E9882 /* MacMD */;
			targetProxy = A4C64B3D260EA333009E9882 /* PBXContainerItemProxy */;
		};
		A4C64B49260EA333009E9882 /* PBXTargetDependency */ = {
			isa = PBXTargetDependency;
			target = A4C64B29260EA332009E9882 /* MacMD */;
			targetProxy = A4C64B48260EA333009E9882 /* PBXContainerItemProxy */;
		};
/* End PBXTargetDependency section */

/* Begin XCBuildConfiguration section */
		A4C64B4E260EA333009E9882 /* Debug */ = {
			isa = XCBuildConfiguration;
			buildSettings = {
				ALWAYS_SEARCH_USER_PATHS = NO;
				CLANG_ANALYZER_NONNULL = YES;
				CLANG_ANALYZER_NUMBER_OBJECT_CONVERSION = YES_AGGRESSIVE;
				CLANG_CXX_LANGUAGE_STANDARD = "gnu++14";
				CLANG_CXX_LIBRARY = "libc++";
				CLANG_ENABLE_MODULES = YES;
				CLANG_ENABLE_OBJC_ARC = YES;
				CLANG_ENABLE_OBJC_WEAK = YES;
				CLANG_WARN_BLOCK_CAPTURE_AUTORELEASING = YES;
				CLANG_WARN_BOOL_CONVERSION = YES;
				CLANG_WARN_COMMA = YES;
				CLANG_WARN_CONSTANT_CONVERSION = YES;
				CLANG_WARN_DEPRECATED_OBJC_IMPLEMENTATIONS = YES;
				CLANG_WARN_DIRECT_OBJC_ISA_USAGE = YES_ERROR;
				CLANG_WARN_DOCUMENTATION_COMMENTS = YES;
				CLANG_WARN_EMPTY_BODY = YES;
				CLANG_WARN_ENUM_CONVERSION = YES;
				CLANG_WARN_INFINITE_RECURSION = YES;
				CLANG_WARN_INT_CONVERSION = YES;
				CLANG_WARN_NON_LITERAL_NULL_CONVERSION = YES;
				CLANG_WARN_OBJC_IMPLICIT_RETAIN_SELF = YES;
				CLANG_WARN_OBJC_LITERAL_CONVERSION = YES;
				CLANG_WARN_OBJC_ROOT_CLASS = YES_ERROR;
				CLANG_WARN_QUOTED_INCLUDE_IN_FRAMEWORK_HEADER = YES;
				CLANG_WARN_RANGE_LOOP_ANALYSIS = YES;
				CLANG_WARN_STRICT_PROTOTYPES = YES;
				CLANG_WARN_SUSPICIOUS_MOVE = YES;
				CLANG_WARN_UNGUARDED_AVAILABILITY = YES_AGGRESSIVE;
				CLANG_WARN_UNREACHABLE_CODE = YES;
				CLANG_WARN__DUPLICATE_METHOD_MATCH = YES;
				COPY_PHASE_STRIP = NO;
				DEBUG_INFORMATION_FORMAT = dwarf;
				ENABLE_STRICT_OBJC_MSGSEND = YES;
				ENABLE_TESTABILITY = YES;
				GCC_C_LANGUAGE_STANDARD = gnu11;
				GCC_DYNAMIC_NO_PIC = NO;
				GCC_NO_COMMON_BLOCKS = YES;
				GCC_OPTIMIZATION_LEVEL = 0;
				GCC_PREPROCESSOR_DEFINITIONS = (
					"DEBUG=1",
					"$(inherited)",
				);
				GCC_WARN_64_TO_32_BIT_CONVERSION = YES;
				GCC_WARN_ABOUT_RETURN_TYPE = YES_ERROR;
				GCC_WARN_UNDECLARED_SELECTOR = YES;
				GCC_WARN_UNINITIALIZED_AUTOS = YES_AGGRESSIVE;
				GCC_WARN_UNUSED_FUNCTION = YES;
				GCC_WARN_UNUSED_VARIABLE = YES;
				MACOSX_DEPLOYMENT_TARGET = 11.1;
				MTL_ENABLE_DEBUG_INFO = INCLUDE_SOURCE;
				MTL_FAST_MATH = YES;
				ONLY_ACTIVE_ARCH = YES;
				SDKROOT = macosx;
				SWIFT_ACTIVE_COMPILATION_CONDITIONS = DEBUG;
				SWIFT_OPTIMIZATION_LEVEL = "-Onone";
			};
			name = Debug;
		};
		A4C64B4F260EA333009E9882 /* Release */ = {
			isa = XCBuildConfiguration;
			buildSettings = {
				ALWAYS_SEARCH_USER_PATHS = NO;
				CLANG_ANALYZER_NONNULL = YES;
				CLANG_ANALYZER_NUMBER_OBJECT_CONVERSION = YES_AGGRESSIVE;
				CLANG_CXX_LANGUAGE_STANDARD = "gnu++14";
				CLANG_CXX_LIBRARY = "libc++";
				CLANG_ENABLE_MODULES = YES;
				CLANG_ENABLE_OBJC_ARC = YES;
				CLANG_ENABLE_OBJC_WEAK = YES;
				CLANG_WARN_BLOCK_CAPTURE_AUTORELEASING = YES;
				CLANG_WARN_BOOL_CONVERSION = YES;
				CLANG_WARN_COMMA = YES;
				CLANG_WARN_CONSTANT_CONVERSION = YES;
				CLANG_WARN_DEPRECATED_OBJC_IMPLEMENTATIONS = YES;
				CLANG_WARN_DIRECT_OBJC_ISA_USAGE = YES_ERROR;
				CLANG_WARN_DOCUMENTATION_COMMENTS = YES;
				CLANG_WARN_EMPTY_BODY = YES;
				CLANG_WARN_ENUM_CONVERSION = YES;
				CLANG_WARN_INFINITE_RECURSION = YES;
				CLANG_WARN_INT_CONVERSION = YES;
				CLANG_WARN_NON_LITERAL_NULL_CONVERSION = YES;
				CLANG_WARN_OBJC_IMPLICIT_RETAIN_SELF = YES;
				CLANG_WARN_OBJC_LITERAL_CONVERSION = YES;
				CLANG_WARN_OBJC_ROOT_CLASS = YES_ERROR;
				CLANG_WARN_QUOTED_INCLUDE_IN_FRAMEWORK_HEADER = YES;
				CLANG_WARN_RANGE_LOOP_ANALYSIS = YES;
				CLANG_WARN_STRICT_PROTOTYPES = YES;
				CLANG_WARN_SUSPICIOUS_MOVE = YES;
				CLANG_WARN_UNGUARDED_AVAILABILITY = YES_AGGRESSIVE;
				CLANG_WARN_UNREACHABLE_CODE = YES;
				CLANG_WARN__DUPLICATE_METHOD_MATCH = YES;
				COPY_PHASE_STRIP = NO;
				DEBUG_INFORMATION_FORMAT = "dwarf-with-dsym";
				ENABLE_NS_ASSERTIONS = NO;
				ENABLE_STRICT_OBJC_MSGSEND = YES;
				GCC_C_LANGUAGE_STANDARD = gnu11;
				GCC_NO_COMMON_BLOCKS = YES;
				GCC_WARN_64_TO_32_BIT_CONVERSION = YES;
				GCC_WARN_ABOUT_RETURN_TYPE = YES_ERROR;
				GCC_WARN_UNDECLARED_SELECTOR = YES;
				GCC_WARN_UNINITIALIZED_AUTOS = YES_AGGRESSIVE;
				GCC_WARN_UNUSED_FUNCTION = YES;
				GCC_WARN_UNUSED_VARIABLE = YES;
				MACOSX_DEPLOYMENT_TARGET = 11.1;
				MTL_ENABLE_DEBUG_INFO = NO;
				MTL_FAST_MATH = YES;
				SDKROOT = macosx;
				SWIFT_COMPILATION_MODE = wholemodule;
				SWIFT_OPTIMIZATION_LEVEL = "-O";
			};
			name = Release;
		};
		A4C64B51260EA333009E9882 /* Debug */ = {
			isa = XCBuildConfiguration;
			buildSettings = {
				ASSETCATALOG_COMPILER_APPICON_NAME = AppIcon;
				ASSETCATALOG_COMPILER_GLOBAL_ACCENT_COLOR_NAME = AccentColor;
				CODE_SIGN_ENTITLEMENTS = MacMD/MacMD.entitlements;
				CODE_SIGN_STYLE = Automatic;
				COMBINE_HIDPI_IMAGES = YES;
				DEVELOPMENT_ASSET_PATHS = "\"MacMD/Preview Content\"";
				DEVELOPMENT_TEAM = RH3D4V4LFC;
				ENABLE_HARDENED_RUNTIME = YES;
				ENABLE_PREVIEWS = YES;
				INFOPLIST_FILE = MacMD/Info.plist;
				LD_RUNPATH_SEARCH_PATHS = (
					"$(inherited)",
					"@executable_path/../Frameworks",
				);
				MACOSX_DEPLOYMENT_TARGET = 11.0;
				PRODUCT_BUNDLE_IDENTIFIER = com.yizhen.MacMD;
				PRODUCT_NAME = "$(TARGET_NAME)";
				SWIFT_VERSION = 5.0;
			};
			name = Debug;
		};
		A4C64B52260EA333009E9882 /* Release */ = {
			isa = XCBuildConfiguration;
			buildSettings = {
				ASSETCATALOG_COMPILER_APPICON_NAME = AppIcon;
				ASSETCATALOG_COMPILER_GLOBAL_ACCENT_COLOR_NAME = AccentColor;
				CODE_SIGN_ENTITLEMENTS = MacMD/MacMD.entitlements;
				CODE_SIGN_STYLE = Automatic;
				COMBINE_HIDPI_IMAGES = YES;
				DEVELOPMENT_ASSET_PATHS = "\"MacMD/Preview Content\"";
				DEVELOPMENT_TEAM = RH3D4V4LFC;
				ENABLE_HARDENED_RUNTIME = YES;
				ENABLE_PREVIEWS = YES;
				INFOPLIST_FILE = MacMD/Info.plist;
				LD_RUNPATH_SEARCH_PATHS = (
					"$(inherited)",
					"@executable_path/../Frameworks",
				);
				MACOSX_DEPLOYMENT_TARGET = 11.0;
				PRODUCT_BUNDLE_IDENTIFIER = com.yizhen.MacMD;
				PRODUCT_NAME = "$(TARGET_NAME)";
				SWIFT_VERSION = 5.0;
			};
			name = Release;
		};
		A4C64B54260EA333009E9882 /* Debug */ = {
			isa = XCBuildConfiguration;
			buildSettings = {
				ALWAYS_EMBED_SWIFT_STANDARD_LIBRARIES = YES;
				BUNDLE_LOADER = "$(TEST_HOST)";
				CODE_SIGN_STYLE = Automatic;
				COMBINE_HIDPI_IMAGES = YES;
				DEVELOPMENT_TEAM = RH3D4V4LFC;
				INFOPLIST_FILE = MacMDTests/Info.plist;
				LD_RUNPATH_SEARCH_PATHS = (
					"$(inherited)",
					"@executable_path/../Frameworks",
					"@loader_path/../Frameworks",
				);
				MACOSX_DEPLOYMENT_TARGET = 11.0;
				PRODUCT_BUNDLE_IDENTIFIER = com.yizhen.MacMDTests;
				PRODUCT_NAME = "$(TARGET_NAME)";
				SWIFT_VERSION = 5.0;
				TEST_HOST = "$(BUILT_PRODUCTS_DIR)/MacMD.app/Contents/MacOS/MacMD";
			};
			name = Debug;
		};
		A4C64B55260EA333009E9882 /* Release */ = {
			isa = XCBuildConfiguration;
			buildSettings = {
				ALWAYS_EMBED_SWIFT_STANDARD_LIBRARIES = YES;
				BUNDLE_LOADER = "$(TEST_HOST)";
				CODE_SIGN_STYLE = Automatic;
				COMBINE_HIDPI_IMAGES = YES;
				DEVELOPMENT_TEAM = RH3D4V4LFC;
				INFOPLIST_FILE = MacMDTests/Info.plist;
				LD_RUNPATH_SEARCH_PATHS = (
					"$(inherited)",
					"@executable_path/../Frameworks",
					"@loader_path/../Frameworks",
				);
				MACOSX_DEPLOYMENT_TARGET = 11.0;
				PRODUCT_BUNDLE_IDENTIFIER = com.yizhen.MacMDTests;
				PRODUCT_NAME = "$(TARGET_NAME)";
				SWIFT_VERSION = 5.0;
				TEST_HOST = "$(BUILT_PRODUCTS_DIR)/MacMD.app/Contents/MacOS/MacMD";
			};
			name = Release;
		};
		A4C64B57260EA333009E9882 /* Debug */ = {
			isa = XCBuildConfiguration;
			buildSettings = {
				ALWAYS_EMBED_SWIFT_STANDARD_LIBRARIES = YES;
				CODE_SIGN_STYLE = Automatic;
				COMBINE_HIDPI_IMAGES = YES;
				DEVELOPMENT_TEAM = RH3D4V4LFC;
				INFOPLIST_FILE = MacMDUITests/Info.plist;
				LD_RUNPATH_SEARCH_PATHS = (
					"$(inherited)",
					"@executable_path/../Frameworks",
					"@loader_path/../Frameworks",
				);
				PRODUCT_BUNDLE_IDENTIFIER = com.yizhen.MacMDUITests;
				PRODUCT_NAME = "$(TARGET_NAME)";
				SWIFT_VERSION = 5.0;
				TEST_TARGET_NAME = MacMD;
			};
			name = Debug;
		};
		A4C64B58260EA333009E9882 /* Release */ = {
			isa = XCBuildConfiguration;
			buildSettings = {
				ALWAYS_EMBED_SWIFT_STANDARD_LIBRARIES = YES;
				CODE_SIGN_STYLE = Automatic;
				COMBINE_HIDPI_IMAGES = YES;
				DEVELOPMENT_TEAM = RH3D4V4LFC;
				INFOPLIST_FILE = MacMDUITests/Info.plist;
				LD_RUNPATH_SEARCH_PATHS = (
					"$(inherited)",
					"@executable_path/../Frameworks",
					"@loader_path/../Frameworks",
				);
				PRODUCT_BUNDLE_IDENTIFIER = com.yizhen.MacMDUITests;
				PRODUCT_NAME = "$(TARGET_NAME)";
				SWIFT_VERSION = 5.0;
				TEST_TARGET_NAME = MacMD;
			};
			name = Release;
		};
/* End XCBuildConfiguration section */

/* Begin XCConfigurationList section */
		A4C64B25260EA332009E9882 /* Build configuration list for PBXProject "MacMD" */ = {
			isa = XCConfigurationList;
			buildConfigurations = (
				A4C64B4E260EA333009E9882 /* Debug */,
				A4C64B4F260EA333009E9882 /* Release */,
			);
			defaultConfigurationIsVisible = 0;
			defaultConfigurationName = Release;
		};
		A4C64B50260EA333009E9882 /* Build configuration list for PBXNativeTarget "MacMD" */ = {
			isa = XCConfigurationList;
			buildConfigurations = (
				A4C64B51260EA333009E9882 /* Debug */,
				A4C64B52260EA333009E9882 /* Release */,
			);
			defaultConfigurationIsVisible = 0;
			defaultConfigurationName = Release;
		};
		A4C64B53260EA333009E9882 /* Build configuration list for PBXNativeTarget "MacMDTests" */ = {
			isa = XCConfigurationList;
			buildConfigurations = (
				A4C64B54260EA333009E9882 /* Debug */,
				A4C64B55260EA333009E9882 /* Release */,
			);
			defaultConfigurationIsVisible = 0;
			defaultConfigurationName = Release;
		};
		A4C64B56260EA333009E9882 /* Build configuration list for PBXNativeTarget "MacMDUITests" */ = {
			isa = XCConfigurationList;
			buildConfigurations = (
				A4C64B57260EA333009E9882 /* Debug */,
				A4C64B58260EA333009E9882 /* Release */,
			);
			defaultConfigurationIsVisible = 0;
			defaultConfigurationName = Release;
		};
/* End XCConfigurationList section */

/* Begin XCRemoteSwiftPackageReference section */
		A4C64B5C260EA4D0009E9882 /* XCRemoteSwiftPackageReference "Ink" */ = {
			isa = XCRemoteSwiftPackageReference;
			repositoryURL = "https://github.com/JohnSundell/Ink";
			requirement = {
				kind = upToNextMajorVersion;
				minimumVersion = 0.5.0;
			};
		};
/* End XCRemoteSwiftPackageReference section */

/* Begin XCSwiftPackageProductDependency section */
		A4C64B5D260EA4D0009E9882 /* Ink */ = {
			isa = XCSwiftPackageProductDependency;
			package = A4C64B5C260EA4D0009E9882 /* XCRemoteSwiftPackageReference "Ink" */;
			productName = Ink;
		};
/* End XCSwiftPackageProductDependency section */
	};
	rootObject = A4C64B22260EA332009E9882 /* Project object */;
}
